PODS:
  - FlutterMacOS (1.0.0)
  - rust_lib_app (0.0.1):
    - FlutterMacOS

DEPENDENCIES:
  - FlutterMacOS (from `Flutter/ephemeral`)
  - rust_lib_app (from `Flutter/ephemeral/.symlinks/plugins/rust_lib_app/macos`)

EXTERNAL SOURCES:
  FlutterMacOS:
    :path: Flutter/ephemeral
  rust_lib_app:
    :path: Flutter/ephemeral/.symlinks/plugins/rust_lib_app/macos

SPEC CHECKSUMS:
  FlutterMacOS: c232990155153907050900a2e175c7773903ba4e
  rust_lib_app: 26666bf28b0a4664175008a05ee1d64084fb92d3

PODFILE CHECKSUM: adb67112ce92f3abb47fca3d10fde0a7988534dd

COCOAPODS: 1.17.0
